
Microsoft Visual Studio Solution File, Format Version 12.00
# Visual Studio Version 17
VisualStudioVersion = 17.0.32112.339
MinimumVisualStudioVersion = 10.0.40219.1
Project("{9A19103F-16F7-4668-BE54-9A1E7A4F7556}") = "MinimalEndpoints", "MinimalEndpoints\MinimalEndpoints.csproj", "{A4310D4F-F4D5-45A3-BF54-0849F93C9014}"
EndProject
Project("{9A19103F-16F7-4668-BE54-9A1E7A4F7556}") = "MinimalEndpoints.WebApiDemo.Endpoints", "Demo\MinimalEndpoints.WebApiDemo.Endpoints\MinimalEndpoints.WebApiDemo.Endpoints.csproj", "{8DC9B501-161E-4ED5-B48E-87A58077158C}"
EndProject
Project("{2150E333-8FDC-42A3-9474-1A3956D46DE8}") = "Benchmark", "Benchmark", "{DEF24E41-0B32-41A1-83B4-9C048B101EEF}"
EndProject
Project("{9A19103F-16F7-4668-BE54-9A1E7A4F7556}") = "Runner", "Benchmark\Runner\Runner.csproj", "{C473309F-0B1E-4158-8992-BE9F0C284A0F}"
EndProject
Project("{2150E333-8FDC-42A3-9474-1A3956D46DE8}") = "Demo", "Demo", "{750592F7-98C6-42D5-BF6D-8AB1EDC105AB}"
EndProject
Project("{9A19103F-16F7-4668-BE54-9A1E7A4F7556}") = "MvcControllers", "Benchmark\MvcController\MvcControllers.csproj", "{BCE75FC2-F272-4EA2-A5F8-EC02D86995B1}"
EndProject
Project("{9A19103F-16F7-4668-BE54-9A1E7A4F7556}") = "MinimalEndpointsBench", "Benchmark\MinimalEndpoints\MinimalEndpointsBench.csproj", "{53A2D61A-EA1E-415F-8EEB-52388DBFC32F}"
EndProject
Project("{9A19103F-16F7-4668-BE54-9A1E7A4F7556}") = "FastEndpointsBench", "Benchmark\FastEndpoints\FastEndpoints\FastEndpointsBench.csproj", "{FD96EFA2-6116-4CB9-882F-C06184BF41D1}"
EndProject
Project("{2150E333-8FDC-42A3-9474-1A3956D46DE8}") = "Swagger", "Swagger", "{AC3B16A6-7E28-4594-92B5-C605374BC3F6}"
EndProject
Project("{9A19103F-16F7-4668-BE54-9A1E7A4F7556}") = "MinimalEndpoints.Swashbuckle.AspNetCore", "MinimalEndpoints.Swashbuckle.AspNetCore\MinimalEndpoints.Swashbuckle.AspNetCore.csproj", "{51C0178E-49E2-4E9E-88FC-E6B482350B74}"
EndProject
Project("{FAE04EC0-301F-11D3-BF4B-00C04F79EFBC}") = "MinimalEndpoints.WebApiDemo", "Demo\MinimalEndpoints.WebApiDemo\MinimalEndpoints.WebApiDemo.csproj", "{9EA7B694-35A2-4B3F-830C-9C727A8D8D6A}"
EndProject
Global
	GlobalSection(SolutionConfigurationPlatforms) = preSolution
		Debug|Any CPU = Debug|Any CPU
		Release|Any CPU = Release|Any CPU
	EndGlobalSection
	GlobalSection(ProjectConfigurationPlatforms) = postSolution
		{A4310D4F-F4D5-45A3-BF54-0849F93C9014}.Debug|Any CPU.ActiveCfg = Debug|Any CPU
		{A4310D4F-F4D5-45A3-BF54-0849F93C9014}.Debug|Any CPU.Build.0 = Debug|Any CPU
		{A4310D4F-F4D5-45A3-BF54-0849F93C9014}.Release|Any CPU.ActiveCfg = Release|Any CPU
		{A4310D4F-F4D5-45A3-BF54-0849F93C9014}.Release|Any CPU.Build.0 = Release|Any CPU
		{8DC9B501-161E-4ED5-B48E-87A58077158C}.Debug|Any CPU.ActiveCfg = Debug|Any CPU
		{8DC9B501-161E-4ED5-B48E-87A58077158C}.Debug|Any CPU.Build.0 = Debug|Any CPU
		{8DC9B501-161E-4ED5-B48E-87A58077158C}.Release|Any CPU.ActiveCfg = Release|Any CPU
		{8DC9B501-161E-4ED5-B48E-87A58077158C}.Release|Any CPU.Build.0 = Release|Any CPU
		{C473309F-0B1E-4158-8992-BE9F0C284A0F}.Debug|Any CPU.ActiveCfg = Debug|Any CPU
		{C473309F-0B1E-4158-8992-BE9F0C284A0F}.Debug|Any CPU.Build.0 = Debug|Any CPU
		{C473309F-0B1E-4158-8992-BE9F0C284A0F}.Release|Any CPU.ActiveCfg = Release|Any CPU
		{C473309F-0B1E-4158-8992-BE9F0C284A0F}.Release|Any CPU.Build.0 = Release|Any CPU
		{BCE75FC2-F272-4EA2-A5F8-EC02D86995B1}.Debug|Any CPU.ActiveCfg = Debug|Any CPU
		{BCE75FC2-F272-4EA2-A5F8-EC02D86995B1}.Debug|Any CPU.Build.0 = Debug|Any CPU
		{BCE75FC2-F272-4EA2-A5F8-EC02D86995B1}.Release|Any CPU.ActiveCfg = Release|Any CPU
		{BCE75FC2-F272-4EA2-A5F8-EC02D86995B1}.Release|Any CPU.Build.0 = Release|Any CPU
		{53A2D61A-EA1E-415F-8EEB-52388DBFC32F}.Debug|Any CPU.ActiveCfg = Debug|Any CPU
		{53A2D61A-EA1E-415F-8EEB-52388DBFC32F}.Debug|Any CPU.Build.0 = Debug|Any CPU
		{53A2D61A-EA1E-415F-8EEB-52388DBFC32F}.Release|Any CPU.ActiveCfg = Release|Any CPU
		{53A2D61A-EA1E-415F-8EEB-52388DBFC32F}.Release|Any CPU.Build.0 = Release|Any CPU
		{FD96EFA2-6116-4CB9-882F-C06184BF41D1}.Debug|Any CPU.ActiveCfg = Debug|Any CPU
		{FD96EFA2-6116-4CB9-882F-C06184BF41D1}.Debug|Any CPU.Build.0 = Debug|Any CPU
		{FD96EFA2-6116-4CB9-882F-C06184BF41D1}.Release|Any CPU.ActiveCfg = Release|Any CPU
		{FD96EFA2-6116-4CB9-882F-C06184BF41D1}.Release|Any CPU.Build.0 = Release|Any CPU
		{51C0178E-49E2-4E9E-88FC-E6B482350B74}.Debug|Any CPU.ActiveCfg = Debug|Any CPU
		{51C0178E-49E2-4E9E-88FC-E6B482350B74}.Debug|Any CPU.Build.0 = Debug|Any CPU
		{51C0178E-49E2-4E9E-88FC-E6B482350B74}.Release|Any CPU.ActiveCfg = Release|Any CPU
		{51C0178E-49E2-4E9E-88FC-E6B482350B74}.Release|Any CPU.Build.0 = Release|Any CPU
		{9EA7B694-35A2-4B3F-830C-9C727A8D8D6A}.Debug|Any CPU.ActiveCfg = Debug|Any CPU
		{9EA7B694-35A2-4B3F-830C-9C727A8D8D6A}.Debug|Any CPU.Build.0 = Debug|Any CPU
		{9EA7B694-35A2-4B3F-830C-9C727A8D8D6A}.Release|Any CPU.ActiveCfg = Release|Any CPU
		{9EA7B694-35A2-4B3F-830C-9C727A8D8D6A}.Release|Any CPU.Build.0 = Release|Any CPU
	EndGlobalSection
	GlobalSection(SolutionProperties) = preSolution
		HideSolutionNode = FALSE
	EndGlobalSection
	GlobalSection(NestedProjects) = preSolution
		{8DC9B501-161E-4ED5-B48E-87A58077158C} = {750592F7-98C6-42D5-BF6D-8AB1EDC105AB}
		{C473309F-0B1E-4158-8992-BE9F0C284A0F} = {DEF24E41-0B32-41A1-83B4-9C048B101EEF}
		{BCE75FC2-F272-4EA2-A5F8-EC02D86995B1} = {DEF24E41-0B32-41A1-83B4-9C048B101EEF}
		{53A2D61A-EA1E-415F-8EEB-52388DBFC32F} = {DEF24E41-0B32-41A1-83B4-9C048B101EEF}
		{FD96EFA2-6116-4CB9-882F-C06184BF41D1} = {DEF24E41-0B32-41A1-83B4-9C048B101EEF}
		{51C0178E-49E2-4E9E-88FC-E6B482350B74} = {AC3B16A6-7E28-4594-92B5-C605374BC3F6}
		{9EA7B694-35A2-4B3F-830C-9C727A8D8D6A} = {750592F7-98C6-42D5-BF6D-8AB1EDC105AB}
	EndGlobalSection
	GlobalSection(ExtensibilityGlobals) = postSolution
		SolutionGuid = {3F600965-3A8B-4072-8BB9-9F46FA815C94}
	EndGlobalSection
EndGlobal
